
Microsoft Visual Studio Solution File, Format Version 12.00
# Visual Studio 14
VisualStudioVersion = 14.0.23107.0
MinimumVisualStudioVersion = 10.0.40219.1
Project("{FAE04EC0-301F-11D3-BF4B-00C04F79EFBC}") = "U1_A2_Genericos", "U1_A2_Genericos\U1_A2_Genericos.csproj", "{2C697232-34B9-4A48-8A41-6BB4ABDC8352}"
EndProject
Global
	GlobalSection(SolutionConfigurationPlatforms) = preSolution
		Debug|Any CPU = Debug|Any CPU
		Release|Any CPU = Release|Any CPU
	EndGlobalSection
	GlobalSection(ProjectConfigurationPlatforms) = postSolution
		{2C697232-34B9-4A48-8A41-6BB4ABDC8352}.Debug|Any CPU.ActiveCfg = Debug|Any CPU
		{2C697232-34B9-4A48-8A41-6BB4ABDC8352}.Debug|Any CPU.Build.0 = Debug|Any CPU
		{2C697232-34B9-4A48-8A41-6BB4ABDC8352}.Release|Any CPU.ActiveCfg = Release|Any CPU
		{2C697232-34B9-4A48-8A41-6BB4ABDC8352}.Release|Any CPU.Build.0 = Release|Any CPU
	EndGlobalSection
	GlobalSection(SolutionProperties) = preSolution
		HideSolutionNode = FALSE
	EndGlobalSection
EndGlobal
